
Microsoft Visual Studio Solution File, Format Version 12.00
# Visual Studio 15
VisualStudioVersion = 15.0.27130.2020
MinimumVisualStudioVersion = 10.0.40219.1
Project("{FAE04EC0-301F-11D3-BF4B-00C04F79EFBC}") = "NJ.Common.Video", "NJ.Common.Video\NJ.Common.Video.csproj", "{DE14F35B-AB3F-4152-B332-80CA957C146B}"
EndProject
Global
	GlobalSection(SolutionConfigurationPlatforms) = preSolution
		Debug|Any CPU = Debug|Any CPU
		Release|Any CPU = Release|Any CPU
	EndGlobalSection
	GlobalSection(ProjectConfigurationPlatforms) = postSolution
		{DE14F35B-AB3F-4152-B332-80CA957C146B}.Debug|Any CPU.ActiveCfg = Debug|Any CPU
		{DE14F35B-AB3F-4152-B332-80CA957C146B}.Debug|Any CPU.Build.0 = Debug|Any CPU
		{DE14F35B-AB3F-4152-B332-80CA957C146B}.Release|Any CPU.ActiveCfg = Release|Any CPU
		{DE14F35B-AB3F-4152-B332-80CA957C146B}.Release|Any CPU.Build.0 = Release|Any CPU
	EndGlobalSection
	GlobalSection(SolutionProperties) = preSolution
		HideSolutionNode = FALSE
	EndGlobalSection
	GlobalSection(ExtensibilityGlobals) = postSolution
		SolutionGuid = {0589909B-8D29-40A2-91B3-2F7D3982AEB1}
	EndGlobalSection
EndGlobal
